
Microsoft Visual Studio Solution File, Format Version 12.00
# Visual Studio Version 17
VisualStudioVersion = 17.10.35004.147
MinimumVisualStudioVersion = 10.0.40219.1
Project("{FAE04EC0-301F-11D3-BF4B-00C04F79EFBC}") = "MarsPortal", "MarsPortal.csproj", "{BF9D9163-DDC9-4485-8604-5F8BB2A58B36}"
EndProject
Global
	GlobalSection(SolutionConfigurationPlatforms) = preSolution
		Debug|Any CPU = Debug|Any CPU
		Release|Any CPU = Release|Any CPU
	EndGlobalSection
	GlobalSection(ProjectConfigurationPlatforms) = postSolution
		{BF9D9163-DDC9-4485-8604-5F8BB2A58B36}.Debug|Any CPU.ActiveCfg = Debug|Any CPU
		{BF9D9163-DDC9-4485-8604-5F8BB2A58B36}.Debug|Any CPU.Build.0 = Debug|Any CPU
		{BF9D9163-DDC9-4485-8604-5F8BB2A58B36}.Release|Any CPU.ActiveCfg = Release|Any CPU
		{BF9D9163-DDC9-4485-8604-5F8BB2A58B36}.Release|Any CPU.Build.0 = Release|Any CPU
	EndGlobalSection
	GlobalSection(SolutionProperties) = preSolution
		HideSolutionNode = FALSE
	EndGlobalSection
	GlobalSection(ExtensibilityGlobals) = postSolution
		SolutionGuid = {CC730B4C-0E63-4F1C-AFE9-FDC628720A76}
	EndGlobalSection
EndGlobal
